PODS:
  - React (0.51.0):
    - React/Core (= 0.51.0)
  - react-native-background-timer (2.0.0):
    - React
  - react-native-calendar-events (1.5.0):
    - React
  - react-native-fetch-blob (0.10.6):
    - React/Core
  - react-native-keep-awake (2.0.6):
    - React
  - react-native-locale-detector (1.0.0):
    - React
  - react-native-webrtc (1.58.2):
    - React
  - React/BatchedBridge (0.51.0):
    - React/Core
    - React/cxxreact_legacy
  - React/Core (0.51.0):
    - yoga (= 0.51.0.React)
  - React/cxxreact_legacy (0.51.0):
    - React/jschelpers_legacy
  - React/DevSupport (0.51.0):
    - React/Core
    - React/RCTWebSocket
  - React/fishhook (0.51.0)
  - React/jschelpers_legacy (0.51.0)
  - React/RCTActionSheet (0.51.0):
    - React/Core
  - React/RCTAnimation (0.51.0):
    - React/Core
  - React/RCTBlob (0.51.0):
    - React/Core
  - React/RCTImage (0.51.0):
    - React/Core
    - React/RCTNetwork
  - React/RCTLinkingIOS (0.51.0):
    - React/Core
  - React/RCTNetwork (0.51.0):
    - React/Core
  - React/RCTText (0.51.0):
    - React/Core
  - React/RCTWebSocket (0.51.0):
    - React/Core
    - React/fishhook
    - React/RCTBlob
  - RNSound (0.10.9):
    - React/Core
    - RNSound/Core (= 0.10.9)
  - RNSound/Core (0.10.9):
    - React/Core
  - RNVectorIcons (4.4.2):
    - React
  - yoga (0.51.0.React)

DEPENDENCIES:
  - react-native-background-timer (from `../node_modules/react-native-background-timer`)
  - react-native-calendar-events (from `../node_modules/react-native-calendar-events`)
  - react-native-fetch-blob (from `../node_modules/react-native-fetch-blob`)
  - react-native-keep-awake (from `../node_modules/react-native-keep-awake`)
  - react-native-locale-detector (from `../node_modules/react-native-locale-detector`)
  - react-native-webrtc (from `../node_modules/react-native-webrtc`)
  - React/BatchedBridge (from `../node_modules/react-native`)
  - React/Core (from `../node_modules/react-native`)
  - React/DevSupport (from `../node_modules/react-native`)
  - React/RCTActionSheet (from `../node_modules/react-native`)
  - React/RCTAnimation (from `../node_modules/react-native`)
  - React/RCTImage (from `../node_modules/react-native`)
  - React/RCTLinkingIOS (from `../node_modules/react-native`)
  - React/RCTNetwork (from `../node_modules/react-native`)
  - React/RCTText (from `../node_modules/react-native`)
  - React/RCTWebSocket (from `../node_modules/react-native`)
  - RNSound (from `../node_modules/react-native-sound`)
  - RNVectorIcons (from `../node_modules/react-native-vector-icons`)
  - yoga (from `../node_modules/react-native/ReactCommon/yoga`)

EXTERNAL SOURCES:
  React:
    :path: ../node_modules/react-native
  react-native-background-timer:
    :path: ../node_modules/react-native-background-timer
  react-native-calendar-events:
    :path: ../node_modules/react-native-calendar-events
  react-native-fetch-blob:
    :path: ../node_modules/react-native-fetch-blob
  react-native-keep-awake:
    :path: ../node_modules/react-native-keep-awake
  react-native-locale-detector:
    :path: ../node_modules/react-native-locale-detector
  react-native-webrtc:
    :path: ../node_modules/react-native-webrtc
  RNSound:
    :path: ../node_modules/react-native-sound
  RNVectorIcons:
    :path: ../node_modules/react-native-vector-icons
  yoga:
    :path: ../node_modules/react-native/ReactCommon/yoga

SPEC CHECKSUMS:
  React: 352f02f1db6e4744f9a758527e13e3fdefbbd6ba
  react-native-background-timer: 10063c04bf85d7f8811dff8c74399f0aa715245f
  react-native-calendar-events: c4d4a3dfca78b2fb43cdb90c3ec826ec62697148
  react-native-fetch-blob: 2bef9be702de8726f4d7bf58d2345579aaaee60d
  react-native-keep-awake: bb4dbb6fd21a7879432f9538b0b7d71398fe9f81
  react-native-locale-detector: bb60716189d4c69c459355d0a4804c9b13f65e84
  react-native-webrtc: 0d23bf182c2cf7814e25579a647189e41748cf09
  RNSound: 53d2fc9c6589bd68daba530262b7560393def3ac
  RNVectorIcons: c1821d56c775cc5a3bca66c77dfc8cb4a90d27e2
  yoga: b5d96400ca8b2936965a7a6516da7c1177f432a3

PODFILE CHECKSUM: 4a5a310403b99b9c2d619e0b18da89bf0fe5858c

COCOAPODS: 1.3.1
